
Microsoft Visual Studio Solution File, Format Version 12.00
# Visual Studio Version 17
VisualStudioVersion = 17.0.31919.166
MinimumVisualStudioVersion = 10.0.40219.1
Project("{9A19103F-16F7-4668-BE54-9A1E7A4F7556}") = "UnityShaderParser", "UnityShaderParser\UnityShaderParser.csproj", "{131A448C-E061-43DB-9856-CD34F4B36CC1}"
EndProject
Project("{9A19103F-16F7-4668-BE54-9A1E7A4F7556}") = "UnityShaderParser.Tests", "UnityShaderParser.Tests\UnityShaderParser.Tests.csproj", "{5CCF18ED-3F5A-434E-88B7-AA5A1AFF1141}"
EndProject
Project("{2150E333-8FDC-42A3-9474-1A3956D46DE8}") = "Solution Items", "Solution Items", "{9CA68DCB-B8E7-4EC3-A30B-0CCABD753329}"
	ProjectSection(SolutionItems) = preProject
		.editorconfig = .editorconfig
	EndProjectSection
EndProject
Global
	GlobalSection(SolutionConfigurationPlatforms) = preSolution
		Debug|Any CPU = Debug|Any CPU
		Release|Any CPU = Release|Any CPU
	EndGlobalSection
	GlobalSection(ProjectConfigurationPlatforms) = postSolution
		{131A448C-E061-43DB-9856-CD34F4B36CC1}.Debug|Any CPU.ActiveCfg = Debug|Any CPU
		{131A448C-E061-43DB-9856-CD34F4B36CC1}.Debug|Any CPU.Build.0 = Debug|Any CPU
		{131A448C-E061-43DB-9856-CD34F4B36CC1}.Release|Any CPU.ActiveCfg = Release|Any CPU
		{131A448C-E061-43DB-9856-CD34F4B36CC1}.Release|Any CPU.Build.0 = Release|Any CPU
		{5CCF18ED-3F5A-434E-88B7-AA5A1AFF1141}.Debug|Any CPU.ActiveCfg = Debug|Any CPU
		{5CCF18ED-3F5A-434E-88B7-AA5A1AFF1141}.Debug|Any CPU.Build.0 = Debug|Any CPU
		{5CCF18ED-3F5A-434E-88B7-AA5A1AFF1141}.Release|Any CPU.ActiveCfg = Release|Any CPU
		{5CCF18ED-3F5A-434E-88B7-AA5A1AFF1141}.Release|Any CPU.Build.0 = Release|Any CPU
	EndGlobalSection
	GlobalSection(SolutionProperties) = preSolution
		HideSolutionNode = FALSE
	EndGlobalSection
	GlobalSection(ExtensibilityGlobals) = postSolution
		SolutionGuid = {21F34FF5-FD8C-44CF-8EE8-A209DF4C347A}
	EndGlobalSection
EndGlobal
